
Microsoft Visual Studio Solution File, Format Version 12.00
# Visual Studio Version 17
VisualStudioVersion = 17.6.33723.286
MinimumVisualStudioVersion = 10.0.40219.1
Project("{9A19103F-16F7-4668-BE54-9A1E7A4F7556}") = "NBomber.Sinks.Prometheus", "src\NBomber.Sinks.Prometheus\NBomber.Sinks.Prometheus.csproj", "{7D1B7164-F378-4009-B5F5-5CA86B1572C0}"
EndProject
Project("{2150E333-8FDC-42A3-9474-1A3956D46DE8}") = "src", "src", "{4C2304B2-CBDC-4DCD-B613-9088A0E7F1A5}"
EndProject
Project("{2150E333-8FDC-42A3-9474-1A3956D46DE8}") = "samples", "samples", "{83BF98AF-DB58-41C6-A096-BEB5302E4307}"
EndProject
Project("{FAE04EC0-301F-11D3-BF4B-00C04F79EFBC}") = "NBomber.Sinks.Prometheus.Example", "samples\NBomber.Sinks.Prometheus.Example\NBomber.Sinks.Prometheus.Example.csproj", "{C252FDCA-B96C-4235-8F66-DD5BC56B0DB5}"
EndProject
Global
	GlobalSection(SolutionConfigurationPlatforms) = preSolution
		Debug|Any CPU = Debug|Any CPU
		Release|Any CPU = Release|Any CPU
	EndGlobalSection
	GlobalSection(ProjectConfigurationPlatforms) = postSolution
		{7D1B7164-F378-4009-B5F5-5CA86B1572C0}.Debug|Any CPU.ActiveCfg = Debug|Any CPU
		{7D1B7164-F378-4009-B5F5-5CA86B1572C0}.Debug|Any CPU.Build.0 = Debug|Any CPU
		{7D1B7164-F378-4009-B5F5-5CA86B1572C0}.Release|Any CPU.ActiveCfg = Release|Any CPU
		{7D1B7164-F378-4009-B5F5-5CA86B1572C0}.Release|Any CPU.Build.0 = Release|Any CPU
		{C252FDCA-B96C-4235-8F66-DD5BC56B0DB5}.Debug|Any CPU.ActiveCfg = Debug|Any CPU
		{C252FDCA-B96C-4235-8F66-DD5BC56B0DB5}.Debug|Any CPU.Build.0 = Debug|Any CPU
		{C252FDCA-B96C-4235-8F66-DD5BC56B0DB5}.Release|Any CPU.ActiveCfg = Release|Any CPU
		{C252FDCA-B96C-4235-8F66-DD5BC56B0DB5}.Release|Any CPU.Build.0 = Release|Any CPU
	EndGlobalSection
	GlobalSection(SolutionProperties) = preSolution
		HideSolutionNode = FALSE
	EndGlobalSection
	GlobalSection(NestedProjects) = preSolution
		{7D1B7164-F378-4009-B5F5-5CA86B1572C0} = {4C2304B2-CBDC-4DCD-B613-9088A0E7F1A5}
		{C252FDCA-B96C-4235-8F66-DD5BC56B0DB5} = {83BF98AF-DB58-41C6-A096-BEB5302E4307}
	EndGlobalSection
	GlobalSection(ExtensibilityGlobals) = postSolution
		SolutionGuid = {5D1B9D03-989F-4D7C-9610-CCB4FE837DBD}
	EndGlobalSection
EndGlobal
